
Microsoft Visual Studio Solution File, Format Version 12.00
# Visual Studio Version 17
VisualStudioVersion = 17.0.32112.339
MinimumVisualStudioVersion = 10.0.40219.1
Project("{FAE04EC0-301F-11D3-BF4B-00C04F79EFBC}") = "HealthTest", "HealthTest\HealthTest.csproj", "{4456FC7E-E2F4-419E-9402-F69DBB937B68}"
EndProject
Global
	GlobalSection(SolutionConfigurationPlatforms) = preSolution
		Debug|Any CPU = Debug|Any CPU
		Release|Any CPU = Release|Any CPU
	EndGlobalSection
	GlobalSection(ProjectConfigurationPlatforms) = postSolution
		{4456FC7E-E2F4-419E-9402-F69DBB937B68}.Debug|Any CPU.ActiveCfg = Debug|Any CPU
		{4456FC7E-E2F4-419E-9402-F69DBB937B68}.Debug|Any CPU.Build.0 = Debug|Any CPU
		{4456FC7E-E2F4-419E-9402-F69DBB937B68}.Release|Any CPU.ActiveCfg = Release|Any CPU
		{4456FC7E-E2F4-419E-9402-F69DBB937B68}.Release|Any CPU.Build.0 = Release|Any CPU
	EndGlobalSection
	GlobalSection(SolutionProperties) = preSolution
		HideSolutionNode = FALSE
	EndGlobalSection
	GlobalSection(ExtensibilityGlobals) = postSolution
		SolutionGuid = {5E2CB212-8443-4A39-8AD2-F3D90C416E7F}
	EndGlobalSection
EndGlobal
